// !$*UTF8*$!
{
	archiveVersion = 1;
	classes = {
	};
	objectVersion = 50;
	objects = {

/* Begin PBXBuildFile section */
		CA40C4E923549E8B00548A0C /* ProfileSettingViewController.swift in Sources */ = {isa = PBXBuildFile; fileRef = CA40C4E723549E8A00548A0C /* ProfileSettingViewController.swift */; };
		CA40C4EA23549E8B00548A0C /* ProfileSettingViewController.xib in Resources */ = {isa = PBXBuildFile; fileRef = CA40C4E823549E8A00548A0C /* ProfileSettingViewController.xib */; };
		CA4488162316BF370029F5DB /* MyPage.storyboard in Resources */ = {isa = PBXBuildFile; fileRef = CA4488152316BF360029F5DB /* MyPage.storyboard */; };
		CA44881A2316C11A0029F5DB /* Account.storyboard in Resources */ = {isa = PBXBuildFile; fileRef = CA4488192316C11A0029F5DB /* Account.storyboard */; };
		CA44881C2316C1260029F5DB /* AccountViewController.swift in Sources */ = {isa = PBXBuildFile; fileRef = CA44881B2316C1260029F5DB /* AccountViewController.swift */; };
		CA44881E2316C2440029F5DB /* MyPageTableViewController.swift in Sources */ = {isa = PBXBuildFile; fileRef = CA44881D2316C2440029F5DB /* MyPageTableViewController.swift */; };
		CA4488202316C8A80029F5DB /* UserManager.swift in Sources */ = {isa = PBXBuildFile; fileRef = CA44881F2316C8A80029F5DB /* UserManager.swift */; };
		CA7B49FB234E0F610098564B /* GroupSettingViewController.swift in Sources */ = {isa = PBXBuildFile; fileRef = CA7B49F9234E0F610098564B /* GroupSettingViewController.swift */; };
		CA7B49FC234E0F610098564B /* GroupSettingViewController.xib in Resources */ = {isa = PBXBuildFile; fileRef = CA7B49FA234E0F610098564B /* GroupSettingViewController.xib */; };
		CA7B49FF234E15770098564B /* GroupSettingTableViewCell.swift in Sources */ = {isa = PBXBuildFile; fileRef = CA7B49FD234E15770098564B /* GroupSettingTableViewCell.swift */; };
		CA7B4A00234E15770098564B /* GroupSettingTableViewCell.xib in Resources */ = {isa = PBXBuildFile; fileRef = CA7B49FE234E15770098564B /* GroupSettingTableViewCell.xib */; };
		CA7B4A03234E2DDD0098564B /* BrowseGroupSettingViewController.swift in Sources */ = {isa = PBXBuildFile; fileRef = CA7B4A01234E2DDD0098564B /* BrowseGroupSettingViewController.swift */; };
		CA7B4A04234E2DDD0098564B /* BrowseGroupSettingViewController.xib in Resources */ = {isa = PBXBuildFile; fileRef = CA7B4A02234E2DDD0098564B /* BrowseGroupSettingViewController.xib */; };
		CA7B4A07234F78DB0098564B /* JoinRequestViewController.swift in Sources */ = {isa = PBXBuildFile; fileRef = CA7B4A05234F78DB0098564B /* JoinRequestViewController.swift */; };
		CA7B4A08234F78DB0098564B /* JoinRequestViewController.xib in Resources */ = {isa = PBXBuildFile; fileRef = CA7B4A06234F78DB0098564B /* JoinRequestViewController.xib */; };
		CA7B4A0B2351F0DF0098564B /* JoinRequestListViewController.swift in Sources */ = {isa = PBXBuildFile; fileRef = CA7B4A092351F0DF0098564B /* JoinRequestListViewController.swift */; };
		CA7B4A0C2351F0DF0098564B /* JoinRequestListViewController.xib in Resources */ = {isa = PBXBuildFile; fileRef = CA7B4A0A2351F0DF0098564B /* JoinRequestListViewController.xib */; };
		CA7B4A0F2351F3C00098564B /* JoinRequestTableViewCell.swift in Sources */ = {isa = PBXBuildFile; fileRef = CA7B4A0D2351F3C00098564B /* JoinRequestTableViewCell.swift */; };
		CA7B4A102351F3C00098564B /* JoinRequestTableViewCell.xib in Resources */ = {isa = PBXBuildFile; fileRef = CA7B4A0E2351F3C00098564B /* JoinRequestTableViewCell.xib */; };
		CA7B4A12235204590098564B /* JoinRequest.swift in Sources */ = {isa = PBXBuildFile; fileRef = CA7B4A11235204590098564B /* JoinRequest.swift */; };
		CA9515AB234B652100861D56 /* User.swift in Sources */ = {isa = PBXBuildFile; fileRef = CA9515AA234B652100861D56 /* User.swift */; };
		CAB5B124230E2EE300DCEB34 /* AppDelegate.swift in Sources */ = {isa = PBXBuildFile; fileRef = CAB5B123230E2EE300DCEB34 /* AppDelegate.swift */; };
		CAB5B126230E2EE300DCEB34 /* LoginViewController.swift in Sources */ = {isa = PBXBuildFile; fileRef = CAB5B125230E2EE300DCEB34 /* LoginViewController.swift */; };
		CAB5B129230E2EE300DCEB34 /* Main.storyboard in Resources */ = {isa = PBXBuildFile; fileRef = CAB5B127230E2EE300DCEB34 /* Main.storyboard */; };
		CAB5B12B230E2EE500DCEB34 /* Assets.xcassets in Resources */ = {isa = PBXBuildFile; fileRef = CAB5B12A230E2EE500DCEB34 /* Assets.xcassets */; };
		CAB5B12E230E2EE500DCEB34 /* LaunchScreen.storyboard in Resources */ = {isa = PBXBuildFile; fileRef = CAB5B12C230E2EE500DCEB34 /* LaunchScreen.storyboard */; };
		CAB5B13A230E2F4200DCEB34 /* GoogleService-Info.plist in Resources */ = {isa = PBXBuildFile; fileRef = CAB5B139230E2F4200DCEB34 /* GoogleService-Info.plist */; };
		CAB5B13D230E690300DCEB34 /* MailLoginViewController.swift in Sources */ = {isa = PBXBuildFile; fileRef = CAB5B13C230E690300DCEB34 /* MailLoginViewController.swift */; };
		CAB5B13F230E691100DCEB34 /* MailLogin.storyboard in Resources */ = {isa = PBXBuildFile; fileRef = CAB5B13E230E691100DCEB34 /* MailLogin.storyboard */; };
		CAB5B141230E6B3E00DCEB34 /* UIAlertController+Simple.swift in Sources */ = {isa = PBXBuildFile; fileRef = CAB5B140230E6B3E00DCEB34 /* UIAlertController+Simple.swift */; };
		CAB5B143230E8C2100DCEB34 /* UIApplication+ViewController.swift in Sources */ = {isa = PBXBuildFile; fileRef = CAB5B142230E8C2000DCEB34 /* UIApplication+ViewController.swift */; };
		CAB5B145230E8C3D00DCEB34 /* Tabbar.storyboard in Resources */ = {isa = PBXBuildFile; fileRef = CAB5B144230E8C3D00DCEB34 /* Tabbar.storyboard */; };
		CAB5B14A230E8EE500DCEB34 /* SearchBooksViewController.swift in Sources */ = {isa = PBXBuildFile; fileRef = CAB5B148230E8EE500DCEB34 /* SearchBooksViewController.swift */; };
		CAB5B14F230E908900DCEB34 /* SearchBooks.storyboard in Resources */ = {isa = PBXBuildFile; fileRef = CAB5B14E230E908900DCEB34 /* SearchBooks.storyboard */; };
		CAB5B151230E948F00DCEB34 /* SearchBookCollectionViewCell.swift in Sources */ = {isa = PBXBuildFile; fileRef = CAB5B150230E948F00DCEB34 /* SearchBookCollectionViewCell.swift */; };
		CAC57545230EE7E400BF407E /* VolumeInfo.swift in Sources */ = {isa = PBXBuildFile; fileRef = CAC57544230EE7E400BF407E /* VolumeInfo.swift */; };
		CAC5754723102AE900BF407E /* TabBarController.swift in Sources */ = {isa = PBXBuildFile; fileRef = CAC5754623102AE900BF407E /* TabBarController.swift */; };
		CAC575492310D2BF00BF407E /* BookItem.swift in Sources */ = {isa = PBXBuildFile; fileRef = CAC575482310D2BF00BF407E /* BookItem.swift */; };
		CAC5754C231252CE00BF407E /* DetailBookViewController.swift in Sources */ = {isa = PBXBuildFile; fileRef = CAC5754A231252CE00BF407E /* DetailBookViewController.swift */; };
		CAC5754F23125FB400BF407E /* DetailBook.storyboard in Resources */ = {isa = PBXBuildFile; fileRef = CAC5754E23125FB400BF407E /* DetailBook.storyboard */; };
		CAC575522312C02200BF407E /* CaptureViewController.swift in Sources */ = {isa = PBXBuildFile; fileRef = CAC575512312C02200BF407E /* CaptureViewController.swift */; };
		CAC575542312C09A00BF407E /* Capture.storyboard in Resources */ = {isa = PBXBuildFile; fileRef = CAC575532312C09A00BF407E /* Capture.storyboard */; };
		CAC575562312C0CC00BF407E /* ResultViewController.swift in Sources */ = {isa = PBXBuildFile; fileRef = CAC575552312C0CC00BF407E /* ResultViewController.swift */; };
		CAC575582312C0D600BF407E /* Result.storyboard in Resources */ = {isa = PBXBuildFile; fileRef = CAC575572312C0D600BF407E /* Result.storyboard */; };
		CAD60AB3233707E2004D355F /* Group.swift in Sources */ = {isa = PBXBuildFile; fileRef = CAD60AB2233707E2004D355F /* Group.swift */; };
		CAD60AB523372DE1004D355F /* GroupHomeTableViewCell.swift in Sources */ = {isa = PBXBuildFile; fileRef = CAD60AB423372DE1004D355F /* GroupHomeTableViewCell.swift */; };
		CAD60AB823373835004D355F /* GroupTabViewController.swift in Sources */ = {isa = PBXBuildFile; fileRef = CAD60AB723373835004D355F /* GroupTabViewController.swift */; };
		CAD60ABA2337383E004D355F /* GroupTab.storyboard in Resources */ = {isa = PBXBuildFile; fileRef = CAD60AB92337383E004D355F /* GroupTab.storyboard */; };
		CAD60ABD233904C8004D355F /* Bookshelf.storyboard in Resources */ = {isa = PBXBuildFile; fileRef = CAD60ABC233904C8004D355F /* Bookshelf.storyboard */; };
		CAD60ABF233904E2004D355F /* BookshelfViewController.swift in Sources */ = {isa = PBXBuildFile; fileRef = CAD60ABE233904E2004D355F /* BookshelfViewController.swift */; };
		CAD60AC12339076B004D355F /* Book.swift in Sources */ = {isa = PBXBuildFile; fileRef = CAD60AC02339076B004D355F /* Book.swift */; };
		CAD60AC323390947004D355F /* BookshelfTableViewCell.swift in Sources */ = {isa = PBXBuildFile; fileRef = CAD60AC223390947004D355F /* BookshelfTableViewCell.swift */; };
		CAD6B8E823289C7D00988F82 /* RequestManager.swift in Sources */ = {isa = PBXBuildFile; fileRef = CAD6B8E723289C7D00988F82 /* RequestManager.swift */; };
		CAD6B8EB23289D1C00988F82 /* Api.swift in Sources */ = {isa = PBXBuildFile; fileRef = CAD6B8EA23289D1C00988F82 /* Api.swift */; };
		CAD6B8ED23289F8E00988F82 /* ResponseStatus.swift in Sources */ = {isa = PBXBuildFile; fileRef = CAD6B8EC23289F8E00988F82 /* ResponseStatus.swift */; };
		CAE8FD2F2332648E00613420 /* GroupHome.storyboard in Resources */ = {isa = PBXBuildFile; fileRef = CAE8FD2E2332648E00613420 /* GroupHome.storyboard */; };
		CAE8FD33233264E300613420 /* GroupHomeViewController.swift in Sources */ = {isa = PBXBuildFile; fileRef = CAE8FD32233264E300613420 /* GroupHomeViewController.swift */; };
		CAE8FD352332655300613420 /* CreateGroupViewController.swift in Sources */ = {isa = PBXBuildFile; fileRef = CAE8FD342332655300613420 /* CreateGroupViewController.swift */; };
		CAE8FD372332657C00613420 /* CreateGroup.storyboard in Resources */ = {isa = PBXBuildFile; fileRef = CAE8FD362332657C00613420 /* CreateGroup.storyboard */; };
		CAF2AB6123438335006772B7 /* BookshelfCollectionView.swift in Sources */ = {isa = PBXBuildFile; fileRef = CAF2AB6023438335006772B7 /* BookshelfCollectionView.swift */; };
		CAF2AB632344D31B006772B7 /* GroupBookshelfViewController.swift in Sources */ = {isa = PBXBuildFile; fileRef = CAF2AB622344D31B006772B7 /* GroupBookshelfViewController.swift */; };
		CAF2AB692344D7A1006772B7 /* GroupBookshelf.storyboard in Resources */ = {isa = PBXBuildFile; fileRef = CAF2AB682344D7A1006772B7 /* GroupBookshelf.storyboard */; };
		DBADBCE3B67F97F75CD83CDF /* Pods_ShareBooks.framework in Frameworks */ = {isa = PBXBuildFile; fileRef = C150549B8337AF522C6DDD13 /* Pods_ShareBooks.framework */; };
/* End PBXBuildFile section */

/* Begin PBXFileReference section */
		608916E1DD672BC26D6BECA2 /* Pods-ShareBooks.release.xcconfig */ = {isa = PBXFileReference; includeInIndex = 1; lastKnownFileType = text.xcconfig; name = "Pods-ShareBooks.release.xcconfig"; path = "Pods/Target Support Files/Pods-ShareBooks/Pods-ShareBooks.release.xcconfig"; sourceTree = "<group>"; };
		9F368772EA0BC02ED7D05773 /* Pods-ShareBooks.debug.xcconfig */ = {isa = PBXFileReference; includeInIndex = 1; lastKnownFileType = text.xcconfig; name = "Pods-ShareBooks.debug.xcconfig"; path = "Pods/Target Support Files/Pods-ShareBooks/Pods-ShareBooks.debug.xcconfig"; sourceTree = "<group>"; };
		C150549B8337AF522C6DDD13 /* Pods_ShareBooks.framework */ = {isa = PBXFileReference; explicitFileType = wrapper.framework; includeInIndex = 0; path = Pods_ShareBooks.framework; sourceTree = BUILT_PRODUCTS_DIR; };
		CA40C4E723549E8A00548A0C /* ProfileSettingViewController.swift */ = {isa = PBXFileReference; lastKnownFileType = sourcecode.swift; path = ProfileSettingViewController.swift; sourceTree = "<group>"; };
		CA40C4E823549E8A00548A0C /* ProfileSettingViewController.xib */ = {isa = PBXFileReference; lastKnownFileType = file.xib; path = ProfileSettingViewController.xib; sourceTree = "<group>"; };
		CA4488152316BF360029F5DB /* MyPage.storyboard */ = {isa = PBXFileReference; lastKnownFileType = file.storyboard; path = MyPage.storyboard; sourceTree = "<group>"; };
		CA4488192316C11A0029F5DB /* Account.storyboard */ = {isa = PBXFileReference; lastKnownFileType = file.storyboard; path = Account.storyboard; sourceTree = "<group>"; };
		CA44881B2316C1260029F5DB /* AccountViewController.swift */ = {isa = PBXFileReference; lastKnownFileType = sourcecode.swift; path = AccountViewController.swift; sourceTree = "<group>"; };
		CA44881D2316C2440029F5DB /* MyPageTableViewController.swift */ = {isa = PBXFileReference; lastKnownFileType = sourcecode.swift; path = MyPageTableViewController.swift; sourceTree = "<group>"; };
		CA44881F2316C8A80029F5DB /* UserManager.swift */ = {isa = PBXFileReference; lastKnownFileType = sourcecode.swift; path = UserManager.swift; sourceTree = "<group>"; };
		CA7B49F9234E0F610098564B /* GroupSettingViewController.swift */ = {isa = PBXFileReference; lastKnownFileType = sourcecode.swift; path = GroupSettingViewController.swift; sourceTree = "<group>"; };
		CA7B49FA234E0F610098564B /* GroupSettingViewController.xib */ = {isa = PBXFileReference; lastKnownFileType = file.xib; path = GroupSettingViewController.xib; sourceTree = "<group>"; };
		CA7B49FD234E15770098564B /* GroupSettingTableViewCell.swift */ = {isa = PBXFileReference; lastKnownFileType = sourcecode.swift; path = GroupSettingTableViewCell.swift; sourceTree = "<group>"; };
		CA7B49FE234E15770098564B /* GroupSettingTableViewCell.xib */ = {isa = PBXFileReference; lastKnownFileType = file.xib; path = GroupSettingTableViewCell.xib; sourceTree = "<group>"; };
		CA7B4A01234E2DDD0098564B /* BrowseGroupSettingViewController.swift */ = {isa = PBXFileReference; lastKnownFileType = sourcecode.swift; path = BrowseGroupSettingViewController.swift; sourceTree = "<group>"; };
		CA7B4A02234E2DDD0098564B /* BrowseGroupSettingViewController.xib */ = {isa = PBXFileReference; lastKnownFileType = file.xib; path = BrowseGroupSettingViewController.xib; sourceTree = "<group>"; };
		CA7B4A05234F78DB0098564B /* JoinRequestViewController.swift */ = {isa = PBXFileReference; lastKnownFileType = sourcecode.swift; path = JoinRequestViewController.swift; sourceTree = "<group>"; };
		CA7B4A06234F78DB0098564B /* JoinRequestViewController.xib */ = {isa = PBXFileReference; lastKnownFileType = file.xib; path = JoinRequestViewController.xib; sourceTree = "<group>"; };
		CA7B4A092351F0DF0098564B /* JoinRequestListViewController.swift */ = {isa = PBXFileReference; lastKnownFileType = sourcecode.swift; path = JoinRequestListViewController.swift; sourceTree = "<group>"; };
		CA7B4A0A2351F0DF0098564B /* JoinRequestListViewController.xib */ = {isa = PBXFileReference; lastKnownFileType = file.xib; path = JoinRequestListViewController.xib; sourceTree = "<group>"; };
		CA7B4A0D2351F3C00098564B /* JoinRequestTableViewCell.swift */ = {isa = PBXFileReference; lastKnownFileType = sourcecode.swift; path = JoinRequestTableViewCell.swift; sourceTree = "<group>"; };
		CA7B4A0E2351F3C00098564B /* JoinRequestTableViewCell.xib */ = {isa = PBXFileReference; lastKnownFileType = file.xib; path = JoinRequestTableViewCell.xib; sourceTree = "<group>"; };
		CA7B4A11235204590098564B /* JoinRequest.swift */ = {isa = PBXFileReference; lastKnownFileType = sourcecode.swift; path = JoinRequest.swift; sourceTree = "<group>"; };
		CA9515AA234B652100861D56 /* User.swift */ = {isa = PBXFileReference; lastKnownFileType = sourcecode.swift; path = User.swift; sourceTree = "<group>"; };
		CAB5B120230E2EE300DCEB34 /* ShareBooks.app */ = {isa = PBXFileReference; explicitFileType = wrapper.application; includeInIndex = 0; path = ShareBooks.app; sourceTree = BUILT_PRODUCTS_DIR; };
		CAB5B123230E2EE300DCEB34 /* AppDelegate.swift */ = {isa = PBXFileReference; lastKnownFileType = sourcecode.swift; path = AppDelegate.swift; sourceTree = "<group>"; };
		CAB5B125230E2EE300DCEB34 /* LoginViewController.swift */ = {isa = PBXFileReference; lastKnownFileType = sourcecode.swift; path = LoginViewController.swift; sourceTree = "<group>"; };
		CAB5B128230E2EE300DCEB34 /* Base */ = {isa = PBXFileReference; lastKnownFileType = file.storyboard; name = Base; path = Base.lproj/Main.storyboard; sourceTree = "<group>"; };
		CAB5B12A230E2EE500DCEB34 /* Assets.xcassets */ = {isa = PBXFileReference; lastKnownFileType = folder.assetcatalog; path = Assets.xcassets; sourceTree = "<group>"; };
		CAB5B12D230E2EE500DCEB34 /* Base */ = {isa = PBXFileReference; lastKnownFileType = file.storyboard; name = Base; path = Base.lproj/LaunchScreen.storyboard; sourceTree = "<group>"; };
		CAB5B12F230E2EE500DCEB34 /* Info.plist */ = {isa = PBXFileReference; lastKnownFileType = text.plist.xml; path = Info.plist; sourceTree = "<group>"; };
		CAB5B139230E2F4200DCEB34 /* GoogleService-Info.plist */ = {isa = PBXFileReference; fileEncoding = 4; lastKnownFileType = text.plist.xml; path = "GoogleService-Info.plist"; sourceTree = "<group>"; };
		CAB5B13B230E311E00DCEB34 /* ShareBooks.entitlements */ = {isa = PBXFileReference; lastKnownFileType = text.plist.entitlements; path = ShareBooks.entitlements; sourceTree = "<group>"; };
		CAB5B13C230E690300DCEB34 /* MailLoginViewController.swift */ = {isa = PBXFileReference; lastKnownFileType = sourcecode.swift; path = MailLoginViewController.swift; sourceTree = "<group>"; };
		CAB5B13E230E691100DCEB34 /* MailLogin.storyboard */ = {isa = PBXFileReference; lastKnownFileType = file.storyboard; path = MailLogin.storyboard; sourceTree = "<group>"; };
		CAB5B140230E6B3E00DCEB34 /* UIAlertController+Simple.swift */ = {isa = PBXFileReference; fileEncoding = 4; lastKnownFileType = sourcecode.swift; path = "UIAlertController+Simple.swift"; sourceTree = "<group>"; };
		CAB5B142230E8C2000DCEB34 /* UIApplication+ViewController.swift */ = {isa = PBXFileReference; fileEncoding = 4; lastKnownFileType = sourcecode.swift; path = "UIApplication+ViewController.swift"; sourceTree = "<group>"; };
		CAB5B144230E8C3D00DCEB34 /* Tabbar.storyboard */ = {isa = PBXFileReference; lastKnownFileType = file.storyboard; path = Tabbar.storyboard; sourceTree = "<group>"; };
		CAB5B148230E8EE500DCEB34 /* SearchBooksViewController.swift */ = {isa = PBXFileReference; lastKnownFileType = sourcecode.swift; path = SearchBooksViewController.swift; sourceTree = "<group>"; };
		CAB5B14E230E908900DCEB34 /* SearchBooks.storyboard */ = {isa = PBXFileReference; lastKnownFileType = file.storyboard; path = SearchBooks.storyboard; sourceTree = "<group>"; };
		CAB5B150230E948F00DCEB34 /* SearchBookCollectionViewCell.swift */ = {isa = PBXFileReference; lastKnownFileType = sourcecode.swift; path = SearchBookCollectionViewCell.swift; sourceTree = "<group>"; };
		CAC57544230EE7E400BF407E /* VolumeInfo.swift */ = {isa = PBXFileReference; lastKnownFileType = sourcecode.swift; path = VolumeInfo.swift; sourceTree = "<group>"; };
		CAC5754623102AE900BF407E /* TabBarController.swift */ = {isa = PBXFileReference; lastKnownFileType = sourcecode.swift; path = TabBarController.swift; sourceTree = "<group>"; };
		CAC575482310D2BF00BF407E /* BookItem.swift */ = {isa = PBXFileReference; lastKnownFileType = sourcecode.swift; path = BookItem.swift; sourceTree = "<group>"; };
		CAC5754A231252CE00BF407E /* DetailBookViewController.swift */ = {isa = PBXFileReference; lastKnownFileType = sourcecode.swift; path = DetailBookViewController.swift; sourceTree = "<group>"; };
		CAC5754E23125FB400BF407E /* DetailBook.storyboard */ = {isa = PBXFileReference; lastKnownFileType = file.storyboard; path = DetailBook.storyboard; sourceTree = "<group>"; };
		CAC575512312C02200BF407E /* CaptureViewController.swift */ = {isa = PBXFileReference; lastKnownFileType = sourcecode.swift; path = CaptureViewController.swift; sourceTree = "<group>"; };
		CAC575532312C09A00BF407E /* Capture.storyboard */ = {isa = PBXFileReference; lastKnownFileType = file.storyboard; path = Capture.storyboard; sourceTree = "<group>"; };
		CAC575552312C0CC00BF407E /* ResultViewController.swift */ = {isa = PBXFileReference; lastKnownFileType = sourcecode.swift; path = ResultViewController.swift; sourceTree = "<group>"; };
		CAC575572312C0D600BF407E /* Result.storyboard */ = {isa = PBXFileReference; lastKnownFileType = file.storyboard; path = Result.storyboard; sourceTree = "<group>"; };
		CAD60AB2233707E2004D355F /* Group.swift */ = {isa = PBXFileReference; lastKnownFileType = sourcecode.swift; path = Group.swift; sourceTree = "<group>"; };
		CAD60AB423372DE1004D355F /* GroupHomeTableViewCell.swift */ = {isa = PBXFileReference; lastKnownFileType = sourcecode.swift; path = GroupHomeTableViewCell.swift; sourceTree = "<group>"; };
		CAD60AB723373835004D355F /* GroupTabViewController.swift */ = {isa = PBXFileReference; lastKnownFileType = sourcecode.swift; path = GroupTabViewController.swift; sourceTree = "<group>"; };
		CAD60AB92337383E004D355F /* GroupTab.storyboard */ = {isa = PBXFileReference; lastKnownFileType = file.storyboard; path = GroupTab.storyboard; sourceTree = "<group>"; };
		CAD60ABC233904C8004D355F /* Bookshelf.storyboard */ = {isa = PBXFileReference; lastKnownFileType = file.storyboard; path = Bookshelf.storyboard; sourceTree = "<group>"; };
		CAD60ABE233904E2004D355F /* BookshelfViewController.swift */ = {isa = PBXFileReference; lastKnownFileType = sourcecode.swift; path = BookshelfViewController.swift; sourceTree = "<group>"; };
		CAD60AC02339076B004D355F /* Book.swift */ = {isa = PBXFileReference; lastKnownFileType = sourcecode.swift; path = Book.swift; sourceTree = "<group>"; };
		CAD60AC223390947004D355F /* BookshelfTableViewCell.swift */ = {isa = PBXFileReference; lastKnownFileType = sourcecode.swift; path = BookshelfTableViewCell.swift; sourceTree = "<group>"; };
		CAD6B8E723289C7D00988F82 /* RequestManager.swift */ = {isa = PBXFileReference; lastKnownFileType = sourcecode.swift; path = RequestManager.swift; sourceTree = "<group>"; };
		CAD6B8EA23289D1C00988F82 /* Api.swift */ = {isa = PBXFileReference; lastKnownFileType = sourcecode.swift; path = Api.swift; sourceTree = "<group>"; };
		CAD6B8EC23289F8E00988F82 /* ResponseStatus.swift */ = {isa = PBXFileReference; lastKnownFileType = sourcecode.swift; path = ResponseStatus.swift; sourceTree = "<group>"; };
		CAE8FD2E2332648E00613420 /* GroupHome.storyboard */ = {isa = PBXFileReference; lastKnownFileType = file.storyboard; path = GroupHome.storyboard; sourceTree = "<group>"; };
		CAE8FD32233264E300613420 /* GroupHomeViewController.swift */ = {isa = PBXFileReference; lastKnownFileType = sourcecode.swift; path = GroupHomeViewController.swift; sourceTree = "<group>"; };
		CAE8FD342332655300613420 /* CreateGroupViewController.swift */ = {isa = PBXFileReference; lastKnownFileType = sourcecode.swift; path = CreateGroupViewController.swift; sourceTree = "<group>"; };
		CAE8FD362332657C00613420 /* CreateGroup.storyboard */ = {isa = PBXFileReference; lastKnownFileType = file.storyboard; path = CreateGroup.storyboard; sourceTree = "<group>"; };
		CAF2AB6023438335006772B7 /* BookshelfCollectionView.swift */ = {isa = PBXFileReference; lastKnownFileType = sourcecode.swift; path = BookshelfCollectionView.swift; sourceTree = "<group>"; };
		CAF2AB622344D31B006772B7 /* GroupBookshelfViewController.swift */ = {isa = PBXFileReference; lastKnownFileType = sourcecode.swift; path = GroupBookshelfViewController.swift; sourceTree = "<group>"; };
		CAF2AB682344D7A1006772B7 /* GroupBookshelf.storyboard */ = {isa = PBXFileReference; lastKnownFileType = file.storyboard; path = GroupBookshelf.storyboard; sourceTree = "<group>"; };
/* End PBXFileReference section */

/* Begin PBXFrameworksBuildPhase section */
		CAB5B11D230E2EE300DCEB34 /* Frameworks */ = {
			isa = PBXFrameworksBuildPhase;
			buildActionMask = 2147483647;
			files = (
				DBADBCE3B67F97F75CD83CDF /* Pods_ShareBooks.framework in Frameworks */,
			);
			runOnlyForDeploymentPostprocessing = 0;
		};
/* End PBXFrameworksBuildPhase section */

/* Begin PBXGroup section */
		102DB3E46F6D4034CFAC057C /* Pods */ = {
			isa = PBXGroup;
			children = (
				9F368772EA0BC02ED7D05773 /* Pods-ShareBooks.debug.xcconfig */,
				608916E1DD672BC26D6BECA2 /* Pods-ShareBooks.release.xcconfig */,
			);
			name = Pods;
			sourceTree = "<group>";
		};
		444CD857FCA4B54D78677D8D /* Frameworks */ = {
			isa = PBXGroup;
			children = (
				C150549B8337AF522C6DDD13 /* Pods_ShareBooks.framework */,
			);
			name = Frameworks;
			sourceTree = "<group>";
		};
		CA448821231A45890029F5DB /* Login */ = {
			isa = PBXGroup;
			children = (
				CAB5B125230E2EE300DCEB34 /* LoginViewController.swift */,
				CAB5B127230E2EE300DCEB34 /* Main.storyboard */,
				CAB5B13C230E690300DCEB34 /* MailLoginViewController.swift */,
				CAB5B13E230E691100DCEB34 /* MailLogin.storyboard */,
			);
			path = Login;
			sourceTree = "<group>";
		};
		CA7B49F8234E0F420098564B /* GroupSetting */ = {
			isa = PBXGroup;
			children = (
				CA7B49F9234E0F610098564B /* GroupSettingViewController.swift */,
				CA7B49FA234E0F610098564B /* GroupSettingViewController.xib */,
				CA7B49FD234E15770098564B /* GroupSettingTableViewCell.swift */,
				CA7B49FE234E15770098564B /* GroupSettingTableViewCell.xib */,
				CA7B4A01234E2DDD0098564B /* BrowseGroupSettingViewController.swift */,
				CA7B4A02234E2DDD0098564B /* BrowseGroupSettingViewController.xib */,
				CA7B4A092351F0DF0098564B /* JoinRequestListViewController.swift */,
				CA7B4A0A2351F0DF0098564B /* JoinRequestListViewController.xib */,
				CA7B4A0D2351F3C00098564B /* JoinRequestTableViewCell.swift */,
				CA7B4A0E2351F3C00098564B /* JoinRequestTableViewCell.xib */,
			);
			path = GroupSetting;
			sourceTree = "<group>";
		};
		CAB5B117230E2EE300DCEB34 = {
			isa = PBXGroup;
			children = (
				CAB5B122230E2EE300DCEB34 /* ShareBooks */,
				CAB5B121230E2EE300DCEB34 /* Products */,
				102DB3E46F6D4034CFAC057C /* Pods */,
				444CD857FCA4B54D78677D8D /* Frameworks */,
			);
			sourceTree = "<group>";
		};
		CAB5B121230E2EE300DCEB34 /* Products */ = {
			isa = PBXGroup;
			children = (
				CAB5B120230E2EE300DCEB34 /* ShareBooks.app */,
			);
			name = Products;
			sourceTree = "<group>";
		};
		CAB5B122230E2EE300DCEB34 /* ShareBooks */ = {
			isa = PBXGroup;
			children = (
				CA7B49F8234E0F420098564B /* GroupSetting */,
				CAB5B146230E8C9400DCEB34 /* SearchBooks */,
				CAD60ABB23390468004D355F /* Bookshelf */,
				CAD6B8EE23325F6800988F82 /* Group */,
				CAD6B8E923289D1100988F82 /* Enum */,
				CA448821231A45890029F5DB /* Login */,
				CAC575592316BEE800BF407E /* MyPage */,
				CAC575502312BF3F00BF407E /* CaptureBarCode */,
				CAC57543230EE73C00BF407E /* Model */,
				CAB5B147230E8CA700DCEB34 /* Extensions */,
				CAB5B13B230E311E00DCEB34 /* ShareBooks.entitlements */,
				CAB5B139230E2F4200DCEB34 /* GoogleService-Info.plist */,
				CAB5B123230E2EE300DCEB34 /* AppDelegate.swift */,
				CAB5B12A230E2EE500DCEB34 /* Assets.xcassets */,
				CAB5B12C230E2EE500DCEB34 /* LaunchScreen.storyboard */,
				CAB5B12F230E2EE500DCEB34 /* Info.plist */,
				CAB5B144230E8C3D00DCEB34 /* Tabbar.storyboard */,
				CAC5754623102AE900BF407E /* TabBarController.swift */,
			);
			path = ShareBooks;
			sourceTree = "<group>";
		};
		CAB5B146230E8C9400DCEB34 /* SearchBooks */ = {
			isa = PBXGroup;
			children = (
				CAB5B148230E8EE500DCEB34 /* SearchBooksViewController.swift */,
				CAB5B14E230E908900DCEB34 /* SearchBooks.storyboard */,
				CAB5B150230E948F00DCEB34 /* SearchBookCollectionViewCell.swift */,
				CAC5754A231252CE00BF407E /* DetailBookViewController.swift */,
				CAC5754E23125FB400BF407E /* DetailBook.storyboard */,
			);
			path = SearchBooks;
			sourceTree = "<group>";
		};
		CAB5B147230E8CA700DCEB34 /* Extensions */ = {
			isa = PBXGroup;
			children = (
				CAB5B142230E8C2000DCEB34 /* UIApplication+ViewController.swift */,
				CAB5B140230E6B3E00DCEB34 /* UIAlertController+Simple.swift */,
			);
			path = Extensions;
			sourceTree = "<group>";
		};
		CAC57543230EE73C00BF407E /* Model */ = {
			isa = PBXGroup;
			children = (
				CAC575482310D2BF00BF407E /* BookItem.swift */,
				CAC57544230EE7E400BF407E /* VolumeInfo.swift */,
				CA44881F2316C8A80029F5DB /* UserManager.swift */,
				CAD6B8E723289C7D00988F82 /* RequestManager.swift */,
				CAD6B8EC23289F8E00988F82 /* ResponseStatus.swift */,
				CAD60AB2233707E2004D355F /* Group.swift */,
				CAD60AC02339076B004D355F /* Book.swift */,
				CA9515AA234B652100861D56 /* User.swift */,
				CA7B4A11235204590098564B /* JoinRequest.swift */,
			);
			path = Model;
			sourceTree = "<group>";
		};
		CAC575502312BF3F00BF407E /* CaptureBarCode */ = {
			isa = PBXGroup;
			children = (
				CAC575512312C02200BF407E /* CaptureViewController.swift */,
				CAC575532312C09A00BF407E /* Capture.storyboard */,
				CAC575552312C0CC00BF407E /* ResultViewController.swift */,
				CAC575572312C0D600BF407E /* Result.storyboard */,
			);
			path = CaptureBarCode;
			sourceTree = "<group>";
		};
		CAC575592316BEE800BF407E /* MyPage */ = {
			isa = PBXGroup;
			children = (
				CA44881D2316C2440029F5DB /* MyPageTableViewController.swift */,
				CA4488152316BF360029F5DB /* MyPage.storyboard */,
				CA44881B2316C1260029F5DB /* AccountViewController.swift */,
				CA4488192316C11A0029F5DB /* Account.storyboard */,
				CA7B4A05234F78DB0098564B /* JoinRequestViewController.swift */,
				CA7B4A06234F78DB0098564B /* JoinRequestViewController.xib */,
				CA40C4E723549E8A00548A0C /* ProfileSettingViewController.swift */,
				CA40C4E823549E8A00548A0C /* ProfileSettingViewController.xib */,
			);
			path = MyPage;
			sourceTree = "<group>";
		};
		CAD60ABB23390468004D355F /* Bookshelf */ = {
			isa = PBXGroup;
			children = (
				CAD60ABC233904C8004D355F /* Bookshelf.storyboard */,
				CAD60ABE233904E2004D355F /* BookshelfViewController.swift */,
				CAD60AC223390947004D355F /* BookshelfTableViewCell.swift */,
				CAF2AB6023438335006772B7 /* BookshelfCollectionView.swift */,
				CAF2AB622344D31B006772B7 /* GroupBookshelfViewController.swift */,
				CAF2AB682344D7A1006772B7 /* GroupBookshelf.storyboard */,
			);
			path = Bookshelf;
			sourceTree = "<group>";
		};
		CAD6B8E923289D1100988F82 /* Enum */ = {
			isa = PBXGroup;
			children = (
				CAD6B8EA23289D1C00988F82 /* Api.swift */,
			);
			path = Enum;
			sourceTree = "<group>";
		};
		CAD6B8EE23325F6800988F82 /* Group */ = {
			isa = PBXGroup;
			children = (
				CAE8FD2E2332648E00613420 /* GroupHome.storyboard */,
				CAE8FD32233264E300613420 /* GroupHomeViewController.swift */,
				CAE8FD342332655300613420 /* CreateGroupViewController.swift */,
				CAE8FD362332657C00613420 /* CreateGroup.storyboard */,
				CAD60AB423372DE1004D355F /* GroupHomeTableViewCell.swift */,
				CAD60AB723373835004D355F /* GroupTabViewController.swift */,
				CAD60AB92337383E004D355F /* GroupTab.storyboard */,
			);
			path = Group;
			sourceTree = "<group>";
		};
/* End PBXGroup section */

/* Begin PBXNativeTarget section */
		CAB5B11F230E2EE300DCEB34 /* ShareBooks */ = {
			isa = PBXNativeTarget;
			buildConfigurationList = CAB5B132230E2EE500DCEB34 /* Build configuration list for PBXNativeTarget "ShareBooks" */;
			buildPhases = (
				9824605AC4C6BAB5F8DDBA4D /* [CP] Check Pods Manifest.lock */,
				CAB5B11C230E2EE300DCEB34 /* Sources */,
				CAB5B11D230E2EE300DCEB34 /* Frameworks */,
				CAB5B11E230E2EE300DCEB34 /* Resources */,
				6855D97FBE3347834ABC7215 /* [CP] Embed Pods Frameworks */,
				96E19017E7926211B1FB3280 /* [CP] Copy Pods Resources */,
			);
			buildRules = (
			);
			dependencies = (
			);
			name = ShareBooks;
			productName = ShareBooks;
			productReference = CAB5B120230E2EE300DCEB34 /* ShareBooks.app */;
			productType = "com.apple.product-type.application";
		};
/* End PBXNativeTarget section */

/* Begin PBXProject section */
		CAB5B118230E2EE300DCEB34 /* Project object */ = {
			isa = PBXProject;
			attributes = {
				LastSwiftUpdateCheck = 1030;
				LastUpgradeCheck = 1030;
				ORGANIZATIONNAME = "濱田裕史";
				TargetAttributes = {
					CAB5B11F230E2EE300DCEB34 = {
						CreatedOnToolsVersion = 10.3;
						SystemCapabilities = {
							com.apple.SafariKeychain = {
								enabled = 1;
							};
						};
					};
				};
			};
			buildConfigurationList = CAB5B11B230E2EE300DCEB34 /* Build configuration list for PBXProject "ShareBooks" */;
			compatibilityVersion = "Xcode 9.3";
			developmentRegion = en;
			hasScannedForEncodings = 0;
			knownRegions = (
				en,
				Base,
			);
			mainGroup = CAB5B117230E2EE300DCEB34;
			productRefGroup = CAB5B121230E2EE300DCEB34 /* Products */;
			projectDirPath = "";
			projectRoot = "";
			targets = (
				CAB5B11F230E2EE300DCEB34 /* ShareBooks */,
			);
		};
/* End PBXProject section */

/* Begin PBXResourcesBuildPhase section */
		CAB5B11E230E2EE300DCEB34 /* Resources */ = {
			isa = PBXResourcesBuildPhase;
			buildActionMask = 2147483647;
			files = (
				CAB5B145230E8C3D00DCEB34 /* Tabbar.storyboard in Resources */,
				CAB5B12E230E2EE500DCEB34 /* LaunchScreen.storyboard in Resources */,
				CAD60ABA2337383E004D355F /* GroupTab.storyboard in Resources */,
				CA7B49FC234E0F610098564B /* GroupSettingViewController.xib in Resources */,
				CAC5754F23125FB400BF407E /* DetailBook.storyboard in Resources */,
				CA7B4A08234F78DB0098564B /* JoinRequestViewController.xib in Resources */,
				CA7B4A04234E2DDD0098564B /* BrowseGroupSettingViewController.xib in Resources */,
				CAB5B14F230E908900DCEB34 /* SearchBooks.storyboard in Resources */,
				CAF2AB692344D7A1006772B7 /* GroupBookshelf.storyboard in Resources */,
				CAE8FD372332657C00613420 /* CreateGroup.storyboard in Resources */,
				CA7B4A102351F3C00098564B /* JoinRequestTableViewCell.xib in Resources */,
				CAE8FD2F2332648E00613420 /* GroupHome.storyboard in Resources */,
				CAB5B13F230E691100DCEB34 /* MailLogin.storyboard in Resources */,
				CAD60ABD233904C8004D355F /* Bookshelf.storyboard in Resources */,
				CAC575582312C0D600BF407E /* Result.storyboard in Resources */,
				CA4488162316BF370029F5DB /* MyPage.storyboard in Resources */,
				CA7B4A00234E15770098564B /* GroupSettingTableViewCell.xib in Resources */,
				CA7B4A0C2351F0DF0098564B /* JoinRequestListViewController.xib in Resources */,
				CAB5B13A230E2F4200DCEB34 /* GoogleService-Info.plist in Resources */,
				CAB5B12B230E2EE500DCEB34 /* Assets.xcassets in Resources */,
				CAB5B129230E2EE300DCEB34 /* Main.storyboard in Resources */,
				CA44881A2316C11A0029F5DB /* Account.storyboard in Resources */,
				CA40C4EA23549E8B00548A0C /* ProfileSettingViewController.xib in Resources */,
				CAC575542312C09A00BF407E /* Capture.storyboard in Resources */,
			);
			runOnlyForDeploymentPostprocessing = 0;
		};
/* End PBXResourcesBuildPhase section */

/* Begin PBXShellScriptBuildPhase section */
		6855D97FBE3347834ABC7215 /* [CP] Embed Pods Frameworks */ = {
			isa = PBXShellScriptBuildPhase;
			buildActionMask = 2147483647;
			files = (
			);
			inputPaths = (
				"${SRCROOT}/Pods/Target Support Files/Pods-ShareBooks/Pods-ShareBooks-frameworks.sh",
				"${BUILT_PRODUCTS_DIR}/Alamofire/Alamofire.framework",
				"${BUILT_PRODUCTS_DIR}/AlamofireImage/AlamofireImage.framework",
				"${BUILT_PRODUCTS_DIR}/BoringSSL-GRPC/openssl_grpc.framework",
				"${BUILT_PRODUCTS_DIR}/FBSDKCoreKit/FBSDKCoreKit.framework",
				"${BUILT_PRODUCTS_DIR}/FBSDKLoginKit/FBSDKLoginKit.framework",
				"${BUILT_PRODUCTS_DIR}/GTMSessionFetcher/GTMSessionFetcher.framework",
				"${BUILT_PRODUCTS_DIR}/GoogleToolboxForMac/GoogleToolboxForMac.framework",
				"${BUILT_PRODUCTS_DIR}/GoogleUtilities/GoogleUtilities.framework",
				"${BUILT_PRODUCTS_DIR}/Protobuf/Protobuf.framework",
				"${BUILT_PRODUCTS_DIR}/SDWebImage/SDWebImage.framework",
				"${BUILT_PRODUCTS_DIR}/Toast-Swift/Toast_Swift.framework",
				"${BUILT_PRODUCTS_DIR}/gRPC-C++/grpcpp.framework",
				"${BUILT_PRODUCTS_DIR}/gRPC-Core/grpc.framework",
				"${BUILT_PRODUCTS_DIR}/leveldb-library/leveldb.framework",
				"${BUILT_PRODUCTS_DIR}/nanopb/nanopb.framework",
			);
			name = "[CP] Embed Pods Frameworks";
			outputPaths = (
				"${TARGET_BUILD_DIR}/${FRAMEWORKS_FOLDER_PATH}/Alamofire.framework",
				"${TARGET_BUILD_DIR}/${FRAMEWORKS_FOLDER_PATH}/AlamofireImage.framework",
				"${TARGET_BUILD_DIR}/${FRAMEWORKS_FOLDER_PATH}/openssl_grpc.framework",
				"${TARGET_BUILD_DIR}/${FRAMEWORKS_FOLDER_PATH}/FBSDKCoreKit.framework",
				"${TARGET_BUILD_DIR}/${FRAMEWORKS_FOLDER_PATH}/FBSDKLoginKit.framework",
				"${TARGET_BUILD_DIR}/${FRAMEWORKS_FOLDER_PATH}/GTMSessionFetcher.framework",
				"${TARGET_BUILD_DIR}/${FRAMEWORKS_FOLDER_PATH}/GoogleToolboxForMac.framework",
				"${TARGET_BUILD_DIR}/${FRAMEWORKS_FOLDER_PATH}/GoogleUtilities.framework",
				"${TARGET_BUILD_DIR}/${FRAMEWORKS_FOLDER_PATH}/Protobuf.framework",
				"${TARGET_BUILD_DIR}/${FRAMEWORKS_FOLDER_PATH}/SDWebImage.framework",
				"${TARGET_BUILD_DIR}/${FRAMEWORKS_FOLDER_PATH}/Toast_Swift.framework",
				"${TARGET_BUILD_DIR}/${FRAMEWORKS_FOLDER_PATH}/grpcpp.framework",
				"${TARGET_BUILD_DIR}/${FRAMEWORKS_FOLDER_PATH}/grpc.framework",
				"${TARGET_BUILD_DIR}/${FRAMEWORKS_FOLDER_PATH}/leveldb.framework",
				"${TARGET_BUILD_DIR}/${FRAMEWORKS_FOLDER_PATH}/nanopb.framework",
			);
			runOnlyForDeploymentPostprocessing = 0;
			shellPath = /bin/sh;
			shellScript = "\"${SRCROOT}/Pods/Target Support Files/Pods-ShareBooks/Pods-ShareBooks-frameworks.sh\"\n";
			showEnvVarsInLog = 0;
		};
		96E19017E7926211B1FB3280 /* [CP] Copy Pods Resources */ = {
			isa = PBXShellScriptBuildPhase;
			buildActionMask = 2147483647;
			files = (
			);
			inputPaths = (
				"${SRCROOT}/Pods/Target Support Files/Pods-ShareBooks/Pods-ShareBooks-resources.sh",
				"${PODS_CONFIGURATION_BUILD_DIR}/FirebaseUI/FirebaseAnonymousAuthUI.bundle",
				"${PODS_CONFIGURATION_BUILD_DIR}/FirebaseUI/FirebaseAuthUI.bundle",
				"${PODS_CONFIGURATION_BUILD_DIR}/FirebaseUI/FirebaseEmailAuthUI.bundle",
				"${PODS_CONFIGURATION_BUILD_DIR}/FirebaseUI/FirebaseFacebookAuthUI.bundle",
				"${PODS_CONFIGURATION_BUILD_DIR}/FirebaseUI/FirebaseGoogleAuthUI.bundle",
				"${PODS_CONFIGURATION_BUILD_DIR}/FirebaseUI/FirebasePhoneAuthUI.bundle",
				"${PODS_ROOT}/GoogleSignIn/Resources/GoogleSignIn.bundle",
			);
			name = "[CP] Copy Pods Resources";
			outputPaths = (
				"${TARGET_BUILD_DIR}/${UNLOCALIZED_RESOURCES_FOLDER_PATH}/FirebaseAnonymousAuthUI.bundle",
				"${TARGET_BUILD_DIR}/${UNLOCALIZED_RESOURCES_FOLDER_PATH}/FirebaseAuthUI.bundle",
				"${TARGET_BUILD_DIR}/${UNLOCALIZED_RESOURCES_FOLDER_PATH}/FirebaseEmailAuthUI.bundle",
				"${TARGET_BUILD_DIR}/${UNLOCALIZED_RESOURCES_FOLDER_PATH}/FirebaseFacebookAuthUI.bundle",
				"${TARGET_BUILD_DIR}/${UNLOCALIZED_RESOURCES_FOLDER_PATH}/FirebaseGoogleAuthUI.bundle",
				"${TARGET_BUILD_DIR}/${UNLOCALIZED_RESOURCES_FOLDER_PATH}/FirebasePhoneAuthUI.bundle",
				"${TARGET_BUILD_DIR}/${UNLOCALIZED_RESOURCES_FOLDER_PATH}/GoogleSignIn.bundle",
			);
			runOnlyForDeploymentPostprocessing = 0;
			shellPath = /bin/sh;
			shellScript = "\"${SRCROOT}/Pods/Target Support Files/Pods-ShareBooks/Pods-ShareBooks-resources.sh\"\n";
			showEnvVarsInLog = 0;
		};
		9824605AC4C6BAB5F8DDBA4D /* [CP] Check Pods Manifest.lock */ = {
			isa = PBXShellScriptBuildPhase;
			buildActionMask = 2147483647;
			files = (
			);
			inputPaths = (
				"${PODS_PODFILE_DIR_PATH}/Podfile.lock",
				"${PODS_ROOT}/Manifest.lock",
			);
			name = "[CP] Check Pods Manifest.lock";
			outputPaths = (
				"$(DERIVED_FILE_DIR)/Pods-ShareBooks-checkManifestLockResult.txt",
			);
			runOnlyForDeploymentPostprocessing = 0;
			shellPath = /bin/sh;
			shellScript = "diff \"${PODS_PODFILE_DIR_PATH}/Podfile.lock\" \"${PODS_ROOT}/Manifest.lock\" > /dev/null\nif [ $? != 0 ] ; then\n    # print error to STDERR\n    echo \"error: The sandbox is not in sync with the Podfile.lock. Run 'pod install' or update your CocoaPods installation.\" >&2\n    exit 1\nfi\n# This output is used by Xcode 'outputs' to avoid re-running this script phase.\necho \"SUCCESS\" > \"${SCRIPT_OUTPUT_FILE_0}\"\n";
			showEnvVarsInLog = 0;
		};
/* End PBXShellScriptBuildPhase section */

/* Begin PBXSourcesBuildPhase section */
		CAB5B11C230E2EE300DCEB34 /* Sources */ = {
			isa = PBXSourcesBuildPhase;
			buildActionMask = 2147483647;
			files = (
				CAD6B8EB23289D1C00988F82 /* Api.swift in Sources */,
				CAD6B8E823289C7D00988F82 /* RequestManager.swift in Sources */,
				CA7B49FB234E0F610098564B /* GroupSettingViewController.swift in Sources */,
				CA7B4A03234E2DDD0098564B /* BrowseGroupSettingViewController.swift in Sources */,
				CAC575562312C0CC00BF407E /* ResultViewController.swift in Sources */,
				CAB5B141230E6B3E00DCEB34 /* UIAlertController+Simple.swift in Sources */,
				CAC575522312C02200BF407E /* CaptureViewController.swift in Sources */,
				CAC5754C231252CE00BF407E /* DetailBookViewController.swift in Sources */,
				CA7B4A0B2351F0DF0098564B /* JoinRequestListViewController.swift in Sources */,
				CA4488202316C8A80029F5DB /* UserManager.swift in Sources */,
				CA7B49FF234E15770098564B /* GroupSettingTableViewCell.swift in Sources */,
				CAB5B14A230E8EE500DCEB34 /* SearchBooksViewController.swift in Sources */,
				CA9515AB234B652100861D56 /* User.swift in Sources */,
				CA7B4A12235204590098564B /* JoinRequest.swift in Sources */,
				CAE8FD352332655300613420 /* CreateGroupViewController.swift in Sources */,
				CA40C4E923549E8B00548A0C /* ProfileSettingViewController.swift in Sources */,
				CAB5B151230E948F00DCEB34 /* SearchBookCollectionViewCell.swift in Sources */,
				CAC5754723102AE900BF407E /* TabBarController.swift in Sources */,
				CAD60AC323390947004D355F /* BookshelfTableViewCell.swift in Sources */,
				CAF2AB6123438335006772B7 /* BookshelfCollectionView.swift in Sources */,
				CAD60ABF233904E2004D355F /* BookshelfViewController.swift in Sources */,
				CAD60AB3233707E2004D355F /* Group.swift in Sources */,
				CAB5B13D230E690300DCEB34 /* MailLoginViewController.swift in Sources */,
				CAB5B143230E8C2100DCEB34 /* UIApplication+ViewController.swift in Sources */,
				CAD60AB523372DE1004D355F /* GroupHomeTableViewCell.swift in Sources */,
				CAB5B126230E2EE300DCEB34 /* LoginViewController.swift in Sources */,
				CA44881C2316C1260029F5DB /* AccountViewController.swift in Sources */,
				CA7B4A0F2351F3C00098564B /* JoinRequestTableViewCell.swift in Sources */,
				CA44881E2316C2440029F5DB /* MyPageTableViewController.swift in Sources */,
				CAD60AB823373835004D355F /* GroupTabViewController.swift in Sources */,
				CAD6B8ED23289F8E00988F82 /* ResponseStatus.swift in Sources */,
				CAC575492310D2BF00BF407E /* BookItem.swift in Sources */,
				CAF2AB632344D31B006772B7 /* GroupBookshelfViewController.swift in Sources */,
				CAE8FD33233264E300613420 /* GroupHomeViewController.swift in Sources */,
				CA7B4A07234F78DB0098564B /* JoinRequestViewController.swift in Sources */,
				CAB5B124230E2EE300DCEB34 /* AppDelegate.swift in Sources */,
				CAD60AC12339076B004D355F /* Book.swift in Sources */,
				CAC57545230EE7E400BF407E /* VolumeInfo.swift in Sources */,
			);
			runOnlyForDeploymentPostprocessing = 0;
		};
/* End PBXSourcesBuildPhase section */

/* Begin PBXVariantGroup section */
		CAB5B127230E2EE300DCEB34 /* Main.storyboard */ = {
			isa = PBXVariantGroup;
			children = (
				CAB5B128230E2EE300DCEB34 /* Base */,
			);
			name = Main.storyboard;
			sourceTree = "<group>";
		};
		CAB5B12C230E2EE500DCEB34 /* LaunchScreen.storyboard */ = {
			isa = PBXVariantGroup;
			children = (
				CAB5B12D230E2EE500DCEB34 /* Base */,
			);
			name = LaunchScreen.storyboard;
			sourceTree = "<group>";
		};
/* End PBXVariantGroup section */

/* Begin XCBuildConfiguration section */
		CAB5B130230E2EE500DCEB34 /* Debug */ = {
			isa = XCBuildConfiguration;
			buildSettings = {
				ALWAYS_SEARCH_USER_PATHS = NO;
				CLANG_ANALYZER_NONNULL = YES;
				CLANG_ANALYZER_NUMBER_OBJECT_CONVERSION = YES_AGGRESSIVE;
				CLANG_CXX_LANGUAGE_STANDARD = "gnu++14";
				CLANG_CXX_LIBRARY = "libc++";
				CLANG_ENABLE_MODULES = YES;
				CLANG_ENABLE_OBJC_ARC = YES;
				CLANG_ENABLE_OBJC_WEAK = YES;
				CLANG_WARN_BLOCK_CAPTURE_AUTORELEASING = YES;
				CLANG_WARN_BOOL_CONVERSION = YES;
				CLANG_WARN_COMMA = YES;
				CLANG_WARN_CONSTANT_CONVERSION = YES;
				CLANG_WARN_DEPRECATED_OBJC_IMPLEMENTATIONS = YES;
				CLANG_WARN_DIRECT_OBJC_ISA_USAGE = YES_ERROR;
				CLANG_WARN_DOCUMENTATION_COMMENTS = YES;
				CLANG_WARN_EMPTY_BODY = YES;
				CLANG_WARN_ENUM_CONVERSION = YES;
				CLANG_WARN_INFINITE_RECURSION = YES;
				CLANG_WARN_INT_CONVERSION = YES;
				CLANG_WARN_NON_LITERAL_NULL_CONVERSION = YES;
				CLANG_WARN_OBJC_IMPLICIT_RETAIN_SELF = YES;
				CLANG_WARN_OBJC_LITERAL_CONVERSION = YES;
				CLANG_WARN_OBJC_ROOT_CLASS = YES_ERROR;
				CLANG_WARN_RANGE_LOOP_ANALYSIS = YES;
				CLANG_WARN_STRICT_PROTOTYPES = YES;
				CLANG_WARN_SUSPICIOUS_MOVE = YES;
				CLANG_WARN_UNGUARDED_AVAILABILITY = YES_AGGRESSIVE;
				CLANG_WARN_UNREACHABLE_CODE = YES;
				CLANG_WARN__DUPLICATE_METHOD_MATCH = YES;
				CODE_SIGN_IDENTITY = "iPhone Developer";
				COPY_PHASE_STRIP = NO;
				DEBUG_INFORMATION_FORMAT = dwarf;
				ENABLE_STRICT_OBJC_MSGSEND = YES;
				ENABLE_TESTABILITY = YES;
				GCC_C_LANGUAGE_STANDARD = gnu11;
				GCC_DYNAMIC_NO_PIC = NO;
				GCC_NO_COMMON_BLOCKS = YES;
				GCC_OPTIMIZATION_LEVEL = 0;
				GCC_PREPROCESSOR_DEFINITIONS = (
					"DEBUG=1",
					"$(inherited)",
				);
				GCC_WARN_64_TO_32_BIT_CONVERSION = YES;
				GCC_WARN_ABOUT_RETURN_TYPE = YES_ERROR;
				GCC_WARN_UNDECLARED_SELECTOR = YES;
				GCC_WARN_UNINITIALIZED_AUTOS = YES_AGGRESSIVE;
				GCC_WARN_UNUSED_FUNCTION = YES;
				GCC_WARN_UNUSED_VARIABLE = YES;
				IPHONEOS_DEPLOYMENT_TARGET = 12.4;
				MTL_ENABLE_DEBUG_INFO = INCLUDE_SOURCE;
				MTL_FAST_MATH = YES;
				ONLY_ACTIVE_ARCH = YES;
				SDKROOT = iphoneos;
				SWIFT_ACTIVE_COMPILATION_CONDITIONS = DEBUG;
				SWIFT_OPTIMIZATION_LEVEL = "-Onone";
			};
			name = Debug;
		};
		CAB5B131230E2EE500DCEB34 /* Release */ = {
			isa = XCBuildConfiguration;
			buildSettings = {
				ALWAYS_SEARCH_USER_PATHS = NO;
				CLANG_ANALYZER_NONNULL = YES;
				CLANG_ANALYZER_NUMBER_OBJECT_CONVERSION = YES_AGGRESSIVE;
				CLANG_CXX_LANGUAGE_STANDARD = "gnu++14";
				CLANG_CXX_LIBRARY = "libc++";
				CLANG_ENABLE_MODULES = YES;
				CLANG_ENABLE_OBJC_ARC = YES;
				CLANG_ENABLE_OBJC_WEAK = YES;
				CLANG_WARN_BLOCK_CAPTURE_AUTORELEASING = YES;
				CLANG_WARN_BOOL_CONVERSION = YES;
				CLANG_WARN_COMMA = YES;
				CLANG_WARN_CONSTANT_CONVERSION = YES;
				CLANG_WARN_DEPRECATED_OBJC_IMPLEMENTATIONS = YES;
				CLANG_WARN_DIRECT_OBJC_ISA_USAGE = YES_ERROR;
				CLANG_WARN_DOCUMENTATION_COMMENTS = YES;
				CLANG_WARN_EMPTY_BODY = YES;
				CLANG_WARN_ENUM_CONVERSION = YES;
				CLANG_WARN_INFINITE_RECURSION = YES;
				CLANG_WARN_INT_CONVERSION = YES;
				CLANG_WARN_NON_LITERAL_NULL_CONVERSION = YES;
				CLANG_WARN_OBJC_IMPLICIT_RETAIN_SELF = YES;
				CLANG_WARN_OBJC_LITERAL_CONVERSION = YES;
				CLANG_WARN_OBJC_ROOT_CLASS = YES_ERROR;
				CLANG_WARN_RANGE_LOOP_ANALYSIS = YES;
				CLANG_WARN_STRICT_PROTOTYPES = YES;
				CLANG_WARN_SUSPICIOUS_MOVE = YES;
				CLANG_WARN_UNGUARDED_AVAILABILITY = YES_AGGRESSIVE;
				CLANG_WARN_UNREACHABLE_CODE = YES;
				CLANG_WARN__DUPLICATE_METHOD_MATCH = YES;
				CODE_SIGN_IDENTITY = "iPhone Developer";
				COPY_PHASE_STRIP = NO;
				DEBUG_INFORMATION_FORMAT = "dwarf-with-dsym";
				ENABLE_NS_ASSERTIONS = NO;
				ENABLE_STRICT_OBJC_MSGSEND = YES;
				GCC_C_LANGUAGE_STANDARD = gnu11;
				GCC_NO_COMMON_BLOCKS = YES;
				GCC_WARN_64_TO_32_BIT_CONVERSION = YES;
				GCC_WARN_ABOUT_RETURN_TYPE = YES_ERROR;
				GCC_WARN_UNDECLARED_SELECTOR = YES;
				GCC_WARN_UNINITIALIZED_AUTOS = YES_AGGRESSIVE;
				GCC_WARN_UNUSED_FUNCTION = YES;
				GCC_WARN_UNUSED_VARIABLE = YES;
				IPHONEOS_DEPLOYMENT_TARGET = 12.4;
				MTL_ENABLE_DEBUG_INFO = NO;
				MTL_FAST_MATH = YES;
				SDKROOT = iphoneos;
				SWIFT_COMPILATION_MODE = wholemodule;
				SWIFT_OPTIMIZATION_LEVEL = "-O";
				VALIDATE_PRODUCT = YES;
			};
			name = Release;
		};
		CAB5B133230E2EE500DCEB34 /* Debug */ = {
			isa = XCBuildConfiguration;
			baseConfigurationReference = 9F368772EA0BC02ED7D05773 /* Pods-ShareBooks.debug.xcconfig */;
			buildSettings = {
				ASSETCATALOG_COMPILER_APPICON_NAME = AppIcon;
				CODE_SIGN_ENTITLEMENTS = ShareBooks/ShareBooks.entitlements;
				CODE_SIGN_STYLE = Automatic;
				DEVELOPMENT_TEAM = 2B346P935N;
				INFOPLIST_FILE = ShareBooks/Info.plist;
				LD_RUNPATH_SEARCH_PATHS = (
					"$(inherited)",
					"@executable_path/Frameworks",
				);
				PRODUCT_BUNDLE_IDENTIFIER = jp.yyux.ShareBook;
				PRODUCT_NAME = "$(TARGET_NAME)";
				SWIFT_VERSION = 5.0;
				TARGETED_DEVICE_FAMILY = "1,2";
			};
			name = Debug;
		};
		CAB5B134230E2EE500DCEB34 /* Release */ = {
			isa = XCBuildConfiguration;
			baseConfigurationReference = 608916E1DD672BC26D6BECA2 /* Pods-ShareBooks.release.xcconfig */;
			buildSettings = {
				ASSETCATALOG_COMPILER_APPICON_NAME = AppIcon;
				CODE_SIGN_ENTITLEMENTS = ShareBooks/ShareBooks.entitlements;
				CODE_SIGN_STYLE = Automatic;
				DEVELOPMENT_TEAM = 2B346P935N;
				INFOPLIST_FILE = ShareBooks/Info.plist;
				LD_RUNPATH_SEARCH_PATHS = (
					"$(inherited)",
					"@executable_path/Frameworks",
				);
				PRODUCT_BUNDLE_IDENTIFIER = jp.yyux.ShareBook;
				PRODUCT_NAME = "$(TARGET_NAME)";
				SWIFT_VERSION = 5.0;
				TARGETED_DEVICE_FAMILY = "1,2";
			};
			name = Release;
		};
/* End XCBuildConfiguration section */

/* Begin XCConfigurationList section */
		CAB5B11B230E2EE300DCEB34 /* Build configuration list for PBXProject "ShareBooks" */ = {
			isa = XCConfigurationList;
			buildConfigurations = (
				CAB5B130230E2EE500DCEB34 /* Debug */,
				CAB5B131230E2EE500DCEB34 /* Release */,
			);
			defaultConfigurationIsVisible = 0;
			defaultConfigurationName = Release;
		};
		CAB5B132230E2EE500DCEB34 /* Build configuration list for PBXNativeTarget "ShareBooks" */ = {
			isa = XCConfigurationList;
			buildConfigurations = (
				CAB5B133230E2EE500DCEB34 /* Debug */,
				CAB5B134230E2EE500DCEB34 /* Release */,
			);
			defaultConfigurationIsVisible = 0;
			defaultConfigurationName = Release;
		};
/* End XCConfigurationList section */
	};
	rootObject = CAB5B118230E2EE300DCEB34 /* Project object */;
}
